
COCOAPODS: 0.16.4

PODS: 
- ASIHTTPRequest (1.8.1): 
  - ASIHTTPRequest/ASIWebPageRequest (= 1.8.1)
  - ASIHTTPRequest/CloudFiles (= 1.8.1)
  - ASIHTTPRequest/S3 (= 1.8.1)
  - Reachability
- ASIHTTPRequest/ASIWebPageRequest (1.8.1): 
  - Reachability
- ASIHTTPRequest/CloudFiles (1.8.1): 
  - Reachability
- ASIHTTPRequest/S3 (1.8.1): 
  - Reachability
- PSTCollectionView (0.0.1)
- Reachability (3.1.0)
- SBJson (2.2.3)
- TestFlightSDK (1.2.4.beta)
- instagram-ios-sdk (0.0.1): 
  - SBJson (= 2.2.3)

SPEC CHECKSUMS: 
  PSTCollectionView: c2ce6d64ffe55a8c3e68bb1036442817aaf83409
  ASIHTTPRequest: e606d2df58b0aace6c1cf1d39a08d3484f91324a
  Reachability: 1c8584c5f26fa776695efef95caaa50402c94cfb
  TestFlightSDK: aeec97fd81096753d53b942f030a443520a087f4
  ASIHTTPRequest/S3: e606d2df58b0aace6c1cf1d39a08d3484f91324a
  ASIHTTPRequest/CloudFiles: e606d2df58b0aace6c1cf1d39a08d3484f91324a
  ASIHTTPRequest/ASIWebPageRequest: e606d2df58b0aace6c1cf1d39a08d3484f91324a
  SBJson: cc373c9eed9314a45715e4fb77a1415c45fa056e
  instagram-ios-sdk: b337c659943d061bb51cedfa280ff95f68dbe08c

DEPENDENCIES: 
- ASIHTTPRequest (~> 1.8.1)
- PSTCollectionView (~> 0.0.1)
- TestFlightSDK (~> 1.2.4.beta)
- instagram-ios-sdk (~> 0.0.1)
