// !$*UTF8*$!
{
	archiveVersion = 1;
	classes = {
	};
	objectVersion = 46;
	objects = {

/* Begin PBXBuildFile section */
		832C0B6016F2AAE100ABAD02 /* Cell.m in Sources */ = {isa = PBXBuildFile; fileRef = 832C0B5B16F2AAE100ABAD02 /* Cell.m */; };
		832C0B6116F2AAE100ABAD02 /* CustomCellBackground.m in Sources */ = {isa = PBXBuildFile; fileRef = 832C0B5D16F2AAE100ABAD02 /* CustomCellBackground.m */; };
		832C0B6216F2AAE100ABAD02 /* DetailViewController.m in Sources */ = {isa = PBXBuildFile; fileRef = 832C0B5F16F2AAE100ABAD02 /* DetailViewController.m */; };
		832C0B6516F3EC0E00ABAD02 /* BIGLocationImage.m in Sources */ = {isa = PBXBuildFile; fileRef = 832C0B6416F3EC0E00ABAD02 /* BIGLocationImage.m */; };
		832C0B6A16F41ED100ABAD02 /* CFNetwork.framework in Frameworks */ = {isa = PBXBuildFile; fileRef = 832C0B6916F41ED100ABAD02 /* CFNetwork.framework */; };
		834288C816F2625100B2FC4C /* BIGNavViewController.m in Sources */ = {isa = PBXBuildFile; fileRef = 834288C716F2625100B2FC4C /* BIGNavViewController.m */; };
		835FDCD916F27BD700FA3EC5 /* BIGLocationDataController.m in Sources */ = {isa = PBXBuildFile; fileRef = 835FDCD816F27BD700FA3EC5 /* BIGLocationDataController.m */; };
		835FDCDC16F27C1300FA3EC5 /* BIGLocation.m in Sources */ = {isa = PBXBuildFile; fileRef = 835FDCDB16F27C1300FA3EC5 /* BIGLocation.m */; };
		839C68AB16F2A89D00FEE60F /* BIGImageViewController.m in Sources */ = {isa = PBXBuildFile; fileRef = 839C68AA16F2A89D00FEE60F /* BIGImageViewController.m */; };
		83CDDAB516F13944001730B4 /* CoreLocation.framework in Frameworks */ = {isa = PBXBuildFile; fileRef = 83CDDAB416F13944001730B4 /* CoreLocation.framework */; };
		83CDDAB716F13A52001730B4 /* MapKit.framework in Frameworks */ = {isa = PBXBuildFile; fileRef = 83CDDAB616F13A52001730B4 /* MapKit.framework */; };
		83CDDABA16F13EE3001730B4 /* BIGMapViewController.m in Sources */ = {isa = PBXBuildFile; fileRef = 83CDDAB916F13EE3001730B4 /* BIGMapViewController.m */; };
		83FBD5AF16F11EA800E9DEBB /* UIKit.framework in Frameworks */ = {isa = PBXBuildFile; fileRef = 83FBD5AE16F11EA800E9DEBB /* UIKit.framework */; };
		83FBD5B116F11EA800E9DEBB /* Foundation.framework in Frameworks */ = {isa = PBXBuildFile; fileRef = 83FBD5B016F11EA800E9DEBB /* Foundation.framework */; };
		83FBD5B316F11EA800E9DEBB /* CoreGraphics.framework in Frameworks */ = {isa = PBXBuildFile; fileRef = 83FBD5B216F11EA800E9DEBB /* CoreGraphics.framework */; };
		83FBD5B916F11EA800E9DEBB /* InfoPlist.strings in Resources */ = {isa = PBXBuildFile; fileRef = 83FBD5B716F11EA800E9DEBB /* InfoPlist.strings */; };
		83FBD5BB16F11EA800E9DEBB /* main.m in Sources */ = {isa = PBXBuildFile; fileRef = 83FBD5BA16F11EA800E9DEBB /* main.m */; };
		83FBD5BF16F11EA800E9DEBB /* BIGAppDelegate.m in Sources */ = {isa = PBXBuildFile; fileRef = 83FBD5BE16F11EA800E9DEBB /* BIGAppDelegate.m */; };
		83FBD5C116F11EA900E9DEBB /* Default.png in Resources */ = {isa = PBXBuildFile; fileRef = 83FBD5C016F11EA900E9DEBB /* Default.png */; };
		83FBD5C316F11EA900E9DEBB /* Default@2x.png in Resources */ = {isa = PBXBuildFile; fileRef = 83FBD5C216F11EA900E9DEBB /* Default@2x.png */; };
		83FBD5C516F11EA900E9DEBB /* Default-568h@2x.png in Resources */ = {isa = PBXBuildFile; fileRef = 83FBD5C416F11EA900E9DEBB /* Default-568h@2x.png */; };
		83FBD5C816F11EA900E9DEBB /* MainStoryboard.storyboard in Resources */ = {isa = PBXBuildFile; fileRef = 83FBD5C616F11EA900E9DEBB /* MainStoryboard.storyboard */; };
		83FBD5CB16F11EA900E9DEBB /* BIGViewController.m in Sources */ = {isa = PBXBuildFile; fileRef = 83FBD5CA16F11EA900E9DEBB /* BIGViewController.m */; };
		F1CAD5C0064A40CEAC8E92A6 /* libPods.a in Frameworks */ = {isa = PBXBuildFile; fileRef = A9933226B6154A3C84EE35D7 /* libPods.a */; };
/* End PBXBuildFile section */

/* Begin PBXFileReference section */
		832C0B5A16F2AAE100ABAD02 /* Cell.h */ = {isa = PBXFileReference; fileEncoding = 4; lastKnownFileType = sourcecode.c.h; path = Cell.h; sourceTree = "<group>"; };
		832C0B5B16F2AAE100ABAD02 /* Cell.m */ = {isa = PBXFileReference; fileEncoding = 4; lastKnownFileType = sourcecode.c.objc; path = Cell.m; sourceTree = "<group>"; };
		832C0B5C16F2AAE100ABAD02 /* CustomCellBackground.h */ = {isa = PBXFileReference; fileEncoding = 4; lastKnownFileType = sourcecode.c.h; path = CustomCellBackground.h; sourceTree = "<group>"; };
		832C0B5D16F2AAE100ABAD02 /* CustomCellBackground.m */ = {isa = PBXFileReference; fileEncoding = 4; lastKnownFileType = sourcecode.c.objc; path = CustomCellBackground.m; sourceTree = "<group>"; };
		832C0B5E16F2AAE100ABAD02 /* DetailViewController.h */ = {isa = PBXFileReference; fileEncoding = 4; lastKnownFileType = sourcecode.c.h; path = DetailViewController.h; sourceTree = "<group>"; };
		832C0B5F16F2AAE100ABAD02 /* DetailViewController.m */ = {isa = PBXFileReference; fileEncoding = 4; lastKnownFileType = sourcecode.c.objc; path = DetailViewController.m; sourceTree = "<group>"; };
		832C0B6316F3EC0E00ABAD02 /* BIGLocationImage.h */ = {isa = PBXFileReference; fileEncoding = 4; lastKnownFileType = sourcecode.c.h; path = BIGLocationImage.h; sourceTree = "<group>"; };
		832C0B6416F3EC0E00ABAD02 /* BIGLocationImage.m */ = {isa = PBXFileReference; fileEncoding = 4; lastKnownFileType = sourcecode.c.objc; path = BIGLocationImage.m; sourceTree = "<group>"; };
		832C0B6916F41ED100ABAD02 /* CFNetwork.framework */ = {isa = PBXFileReference; lastKnownFileType = wrapper.framework; name = CFNetwork.framework; path = System/Library/Frameworks/CFNetwork.framework; sourceTree = SDKROOT; };
		834288C616F2625100B2FC4C /* BIGNavViewController.h */ = {isa = PBXFileReference; fileEncoding = 4; lastKnownFileType = sourcecode.c.h; path = BIGNavViewController.h; sourceTree = "<group>"; };
		834288C716F2625100B2FC4C /* BIGNavViewController.m */ = {isa = PBXFileReference; fileEncoding = 4; lastKnownFileType = sourcecode.c.objc; path = BIGNavViewController.m; sourceTree = "<group>"; };
		835FDCD716F27BD700FA3EC5 /* BIGLocationDataController.h */ = {isa = PBXFileReference; fileEncoding = 4; lastKnownFileType = sourcecode.c.h; path = BIGLocationDataController.h; sourceTree = "<group>"; };
		835FDCD816F27BD700FA3EC5 /* BIGLocationDataController.m */ = {isa = PBXFileReference; fileEncoding = 4; lastKnownFileType = sourcecode.c.objc; path = BIGLocationDataController.m; sourceTree = "<group>"; };
		835FDCDA16F27C1300FA3EC5 /* BIGLocation.h */ = {isa = PBXFileReference; fileEncoding = 4; lastKnownFileType = sourcecode.c.h; path = BIGLocation.h; sourceTree = "<group>"; };
		835FDCDB16F27C1300FA3EC5 /* BIGLocation.m */ = {isa = PBXFileReference; fileEncoding = 4; lastKnownFileType = sourcecode.c.objc; path = BIGLocation.m; sourceTree = "<group>"; };
		839C68A916F2A89D00FEE60F /* BIGImageViewController.h */ = {isa = PBXFileReference; fileEncoding = 4; lastKnownFileType = sourcecode.c.h; path = BIGImageViewController.h; sourceTree = "<group>"; };
		839C68AA16F2A89D00FEE60F /* BIGImageViewController.m */ = {isa = PBXFileReference; fileEncoding = 4; lastKnownFileType = sourcecode.c.objc; path = BIGImageViewController.m; sourceTree = "<group>"; };
		83CDDAB416F13944001730B4 /* CoreLocation.framework */ = {isa = PBXFileReference; lastKnownFileType = wrapper.framework; name = CoreLocation.framework; path = System/Library/Frameworks/CoreLocation.framework; sourceTree = SDKROOT; };
		83CDDAB616F13A52001730B4 /* MapKit.framework */ = {isa = PBXFileReference; lastKnownFileType = wrapper.framework; name = MapKit.framework; path = System/Library/Frameworks/MapKit.framework; sourceTree = SDKROOT; };
		83CDDAB816F13EE3001730B4 /* BIGMapViewController.h */ = {isa = PBXFileReference; fileEncoding = 4; lastKnownFileType = sourcecode.c.h; name = BIGMapViewController.h; path = ../BIGMapViewController.h; sourceTree = "<group>"; };
		83CDDAB916F13EE3001730B4 /* BIGMapViewController.m */ = {isa = PBXFileReference; fileEncoding = 4; lastKnownFileType = sourcecode.c.objc; name = BIGMapViewController.m; path = ../BIGMapViewController.m; sourceTree = "<group>"; };
		83FBD5AB16F11EA800E9DEBB /* InstantGramification.app */ = {isa = PBXFileReference; explicitFileType = wrapper.application; includeInIndex = 0; path = InstantGramification.app; sourceTree = BUILT_PRODUCTS_DIR; };
		83FBD5AE16F11EA800E9DEBB /* UIKit.framework */ = {isa = PBXFileReference; lastKnownFileType = wrapper.framework; name = UIKit.framework; path = System/Library/Frameworks/UIKit.framework; sourceTree = SDKROOT; };
		83FBD5B016F11EA800E9DEBB /* Foundation.framework */ = {isa = PBXFileReference; lastKnownFileType = wrapper.framework; name = Foundation.framework; path = System/Library/Frameworks/Foundation.framework; sourceTree = SDKROOT; };
		83FBD5B216F11EA800E9DEBB /* CoreGraphics.framework */ = {isa = PBXFileReference; lastKnownFileType = wrapper.framework; name = CoreGraphics.framework; path = System/Library/Frameworks/CoreGraphics.framework; sourceTree = SDKROOT; };
		83FBD5B616F11EA800E9DEBB /* InstantGramification-Info.plist */ = {isa = PBXFileReference; lastKnownFileType = text.plist.xml; path = "InstantGramification-Info.plist"; sourceTree = "<group>"; };
		83FBD5B816F11EA800E9DEBB /* en */ = {isa = PBXFileReference; lastKnownFileType = text.plist.strings; name = en; path = en.lproj/InfoPlist.strings; sourceTree = "<group>"; };
		83FBD5BA16F11EA800E9DEBB /* main.m */ = {isa = PBXFileReference; lastKnownFileType = sourcecode.c.objc; path = main.m; sourceTree = "<group>"; };
		83FBD5BC16F11EA800E9DEBB /* InstantGramification-Prefix.pch */ = {isa = PBXFileReference; lastKnownFileType = sourcecode.c.h; path = "InstantGramification-Prefix.pch"; sourceTree = "<group>"; };
		83FBD5BD16F11EA800E9DEBB /* BIGAppDelegate.h */ = {isa = PBXFileReference; lastKnownFileType = sourcecode.c.h; path = BIGAppDelegate.h; sourceTree = "<group>"; };
		83FBD5BE16F11EA800E9DEBB /* BIGAppDelegate.m */ = {isa = PBXFileReference; lastKnownFileType = sourcecode.c.objc; path = BIGAppDelegate.m; sourceTree = "<group>"; };
		83FBD5C016F11EA900E9DEBB /* Default.png */ = {isa = PBXFileReference; lastKnownFileType = image.png; path = Default.png; sourceTree = "<group>"; };
		83FBD5C216F11EA900E9DEBB /* Default@2x.png */ = {isa = PBXFileReference; lastKnownFileType = image.png; path = "Default@2x.png"; sourceTree = "<group>"; };
		83FBD5C416F11EA900E9DEBB /* Default-568h@2x.png */ = {isa = PBXFileReference; lastKnownFileType = image.png; path = "Default-568h@2x.png"; sourceTree = "<group>"; };
		83FBD5C716F11EA900E9DEBB /* en */ = {isa = PBXFileReference; lastKnownFileType = file.storyboard; name = en; path = en.lproj/MainStoryboard.storyboard; sourceTree = "<group>"; };
		83FBD5C916F11EA900E9DEBB /* BIGViewController.h */ = {isa = PBXFileReference; lastKnownFileType = sourcecode.c.h; path = BIGViewController.h; sourceTree = "<group>"; };
		83FBD5CA16F11EA900E9DEBB /* BIGViewController.m */ = {isa = PBXFileReference; lastKnownFileType = sourcecode.c.objc; path = BIGViewController.m; sourceTree = "<group>"; };
		A9933226B6154A3C84EE35D7 /* libPods.a */ = {isa = PBXFileReference; explicitFileType = archive.ar; includeInIndex = 0; path = libPods.a; sourceTree = BUILT_PRODUCTS_DIR; };
		F20A21C8854A4471B592C34F /* Pods.xcconfig */ = {isa = PBXFileReference; includeInIndex = 1; lastKnownFileType = text.xcconfig; name = Pods.xcconfig; path = Pods/Pods.xcconfig; sourceTree = SOURCE_ROOT; };
/* End PBXFileReference section */

/* Begin PBXFrameworksBuildPhase section */
		83FBD5A816F11EA800E9DEBB /* Frameworks */ = {
			isa = PBXFrameworksBuildPhase;
			buildActionMask = 2147483647;
			files = (
				832C0B6A16F41ED100ABAD02 /* CFNetwork.framework in Frameworks */,
				83CDDAB716F13A52001730B4 /* MapKit.framework in Frameworks */,
				83CDDAB516F13944001730B4 /* CoreLocation.framework in Frameworks */,
				83FBD5AF16F11EA800E9DEBB /* UIKit.framework in Frameworks */,
				83FBD5B116F11EA800E9DEBB /* Foundation.framework in Frameworks */,
				83FBD5B316F11EA800E9DEBB /* CoreGraphics.framework in Frameworks */,
				F1CAD5C0064A40CEAC8E92A6 /* libPods.a in Frameworks */,
			);
			runOnlyForDeploymentPostprocessing = 0;
		};
/* End PBXFrameworksBuildPhase section */

/* Begin PBXGroup section */
		83FBD5A216F11EA800E9DEBB = {
			isa = PBXGroup;
			children = (
				83FBD5B416F11EA800E9DEBB /* InstantGramification */,
				83FBD5AD16F11EA800E9DEBB /* Frameworks */,
				83FBD5AC16F11EA800E9DEBB /* Products */,
				F20A21C8854A4471B592C34F /* Pods.xcconfig */,
			);
			sourceTree = "<group>";
		};
		83FBD5AC16F11EA800E9DEBB /* Products */ = {
			isa = PBXGroup;
			children = (
				83FBD5AB16F11EA800E9DEBB /* InstantGramification.app */,
			);
			name = Products;
			sourceTree = "<group>";
		};
		83FBD5AD16F11EA800E9DEBB /* Frameworks */ = {
			isa = PBXGroup;
			children = (
				832C0B6916F41ED100ABAD02 /* CFNetwork.framework */,
				83CDDAB616F13A52001730B4 /* MapKit.framework */,
				83CDDAB416F13944001730B4 /* CoreLocation.framework */,
				83FBD5AE16F11EA800E9DEBB /* UIKit.framework */,
				83FBD5B016F11EA800E9DEBB /* Foundation.framework */,
				83FBD5B216F11EA800E9DEBB /* CoreGraphics.framework */,
				A9933226B6154A3C84EE35D7 /* libPods.a */,
			);
			name = Frameworks;
			sourceTree = "<group>";
		};
		83FBD5B416F11EA800E9DEBB /* InstantGramification */ = {
			isa = PBXGroup;
			children = (
				83FBD5BD16F11EA800E9DEBB /* BIGAppDelegate.h */,
				83FBD5BE16F11EA800E9DEBB /* BIGAppDelegate.m */,
				83FBD5C616F11EA900E9DEBB /* MainStoryboard.storyboard */,
				83FBD5C916F11EA900E9DEBB /* BIGViewController.h */,
				83FBD5CA16F11EA900E9DEBB /* BIGViewController.m */,
				834288C616F2625100B2FC4C /* BIGNavViewController.h */,
				834288C716F2625100B2FC4C /* BIGNavViewController.m */,
				83CDDAB816F13EE3001730B4 /* BIGMapViewController.h */,
				83CDDAB916F13EE3001730B4 /* BIGMapViewController.m */,
				835FDCD716F27BD700FA3EC5 /* BIGLocationDataController.h */,
				835FDCD816F27BD700FA3EC5 /* BIGLocationDataController.m */,
				835FDCDA16F27C1300FA3EC5 /* BIGLocation.h */,
				835FDCDB16F27C1300FA3EC5 /* BIGLocation.m */,
				832C0B6316F3EC0E00ABAD02 /* BIGLocationImage.h */,
				832C0B6416F3EC0E00ABAD02 /* BIGLocationImage.m */,
				83FBD5B516F11EA800E9DEBB /* Supporting Files */,
				839C68A916F2A89D00FEE60F /* BIGImageViewController.h */,
				839C68AA16F2A89D00FEE60F /* BIGImageViewController.m */,
				832C0B5A16F2AAE100ABAD02 /* Cell.h */,
				832C0B5B16F2AAE100ABAD02 /* Cell.m */,
				832C0B5C16F2AAE100ABAD02 /* CustomCellBackground.h */,
				832C0B5D16F2AAE100ABAD02 /* CustomCellBackground.m */,
				832C0B5E16F2AAE100ABAD02 /* DetailViewController.h */,
				832C0B5F16F2AAE100ABAD02 /* DetailViewController.m */,
			);
			path = InstantGramification;
			sourceTree = "<group>";
		};
		83FBD5B516F11EA800E9DEBB /* Supporting Files */ = {
			isa = PBXGroup;
			children = (
				83FBD5B616F11EA800E9DEBB /* InstantGramification-Info.plist */,
				83FBD5B716F11EA800E9DEBB /* InfoPlist.strings */,
				83FBD5BA16F11EA800E9DEBB /* main.m */,
				83FBD5BC16F11EA800E9DEBB /* InstantGramification-Prefix.pch */,
				83FBD5C016F11EA900E9DEBB /* Default.png */,
				83FBD5C216F11EA900E9DEBB /* Default@2x.png */,
				83FBD5C416F11EA900E9DEBB /* Default-568h@2x.png */,
			);
			name = "Supporting Files";
			sourceTree = "<group>";
		};
/* End PBXGroup section */

/* Begin PBXNativeTarget section */
		83FBD5AA16F11EA800E9DEBB /* InstantGramification */ = {
			isa = PBXNativeTarget;
			buildConfigurationList = 83FBD5CE16F11EA900E9DEBB /* Build configuration list for PBXNativeTarget "InstantGramification" */;
			buildPhases = (
				83FBD5A716F11EA800E9DEBB /* Sources */,
				83FBD5A816F11EA800E9DEBB /* Frameworks */,
				83FBD5A916F11EA800E9DEBB /* Resources */,
				2A0F6509C09B43B8B1527691 /* Copy Pods Resources */,
			);
			buildRules = (
			);
			dependencies = (
			);
			name = InstantGramification;
			productName = InstantGramification;
			productReference = 83FBD5AB16F11EA800E9DEBB /* InstantGramification.app */;
			productType = "com.apple.product-type.application";
		};
/* End PBXNativeTarget section */

/* Begin PBXProject section */
		83FBD5A316F11EA800E9DEBB /* Project object */ = {
			isa = PBXProject;
			attributes = {
				CLASSPREFIX = BIG;
				LastUpgradeCheck = 0460;
				ORGANIZATIONNAME = "Justin Warmkessel";
			};
			buildConfigurationList = 83FBD5A616F11EA800E9DEBB /* Build configuration list for PBXProject "InstantGramification" */;
			compatibilityVersion = "Xcode 3.2";
			developmentRegion = English;
			hasScannedForEncodings = 0;
			knownRegions = (
				en,
			);
			mainGroup = 83FBD5A216F11EA800E9DEBB;
			productRefGroup = 83FBD5AC16F11EA800E9DEBB /* Products */;
			projectDirPath = "";
			projectRoot = "";
			targets = (
				83FBD5AA16F11EA800E9DEBB /* InstantGramification */,
			);
		};
/* End PBXProject section */

/* Begin PBXResourcesBuildPhase section */
		83FBD5A916F11EA800E9DEBB /* Resources */ = {
			isa = PBXResourcesBuildPhase;
			buildActionMask = 2147483647;
			files = (
				83FBD5B916F11EA800E9DEBB /* InfoPlist.strings in Resources */,
				83FBD5C116F11EA900E9DEBB /* Default.png in Resources */,
				83FBD5C316F11EA900E9DEBB /* Default@2x.png in Resources */,
				83FBD5C516F11EA900E9DEBB /* Default-568h@2x.png in Resources */,
				83FBD5C816F11EA900E9DEBB /* MainStoryboard.storyboard in Resources */,
			);
			runOnlyForDeploymentPostprocessing = 0;
		};
/* End PBXResourcesBuildPhase section */

/* Begin PBXShellScriptBuildPhase section */
		2A0F6509C09B43B8B1527691 /* Copy Pods Resources */ = {
			isa = PBXShellScriptBuildPhase;
			buildActionMask = 2147483647;
			files = (
			);
			inputPaths = (
			);
			name = "Copy Pods Resources";
			outputPaths = (
			);
			runOnlyForDeploymentPostprocessing = 0;
			shellPath = /bin/sh;
			shellScript = "\"${SRCROOT}/Pods/Pods-resources.sh\"\n";
		};
/* End PBXShellScriptBuildPhase section */

/* Begin PBXSourcesBuildPhase section */
		83FBD5A716F11EA800E9DEBB /* Sources */ = {
			isa = PBXSourcesBuildPhase;
			buildActionMask = 2147483647;
			files = (
				83FBD5BB16F11EA800E9DEBB /* main.m in Sources */,
				83FBD5BF16F11EA800E9DEBB /* BIGAppDelegate.m in Sources */,
				83FBD5CB16F11EA900E9DEBB /* BIGViewController.m in Sources */,
				83CDDABA16F13EE3001730B4 /* BIGMapViewController.m in Sources */,
				834288C816F2625100B2FC4C /* BIGNavViewController.m in Sources */,
				835FDCD916F27BD700FA3EC5 /* BIGLocationDataController.m in Sources */,
				835FDCDC16F27C1300FA3EC5 /* BIGLocation.m in Sources */,
				839C68AB16F2A89D00FEE60F /* BIGImageViewController.m in Sources */,
				832C0B6016F2AAE100ABAD02 /* Cell.m in Sources */,
				832C0B6116F2AAE100ABAD02 /* CustomCellBackground.m in Sources */,
				832C0B6216F2AAE100ABAD02 /* DetailViewController.m in Sources */,
				832C0B6516F3EC0E00ABAD02 /* BIGLocationImage.m in Sources */,
			);
			runOnlyForDeploymentPostprocessing = 0;
		};
/* End PBXSourcesBuildPhase section */

/* Begin PBXVariantGroup section */
		83FBD5B716F11EA800E9DEBB /* InfoPlist.strings */ = {
			isa = PBXVariantGroup;
			children = (
				83FBD5B816F11EA800E9DEBB /* en */,
			);
			name = InfoPlist.strings;
			sourceTree = "<group>";
		};
		83FBD5C616F11EA900E9DEBB /* MainStoryboard.storyboard */ = {
			isa = PBXVariantGroup;
			children = (
				83FBD5C716F11EA900E9DEBB /* en */,
			);
			name = MainStoryboard.storyboard;
			sourceTree = "<group>";
		};
/* End PBXVariantGroup section */

/* Begin XCBuildConfiguration section */
		83FBD5CC16F11EA900E9DEBB /* Debug */ = {
			isa = XCBuildConfiguration;
			buildSettings = {
				ALWAYS_SEARCH_USER_PATHS = NO;
				CLANG_CXX_LANGUAGE_STANDARD = "gnu++0x";
				CLANG_CXX_LIBRARY = "libc++";
				CLANG_WARN_CONSTANT_CONVERSION = YES;
				CLANG_WARN_EMPTY_BODY = YES;
				CLANG_WARN_ENUM_CONVERSION = YES;
				CLANG_WARN_INT_CONVERSION = YES;
				CLANG_WARN__DUPLICATE_METHOD_MATCH = YES;
				"CODE_SIGN_IDENTITY[sdk=iphoneos*]" = "iPhone Developer";
				COPY_PHASE_STRIP = NO;
				GCC_C_LANGUAGE_STANDARD = gnu99;
				GCC_DYNAMIC_NO_PIC = NO;
				GCC_OPTIMIZATION_LEVEL = 0;
				GCC_PREPROCESSOR_DEFINITIONS = (
					"DEBUG=1",
					"$(inherited)",
				);
				GCC_SYMBOLS_PRIVATE_EXTERN = NO;
				GCC_WARN_ABOUT_RETURN_TYPE = YES;
				GCC_WARN_UNINITIALIZED_AUTOS = YES;
				GCC_WARN_UNUSED_VARIABLE = YES;
				IPHONEOS_DEPLOYMENT_TARGET = 6.1;
				ONLY_ACTIVE_ARCH = YES;
				SDKROOT = iphoneos;
			};
			name = Debug;
		};
		83FBD5CD16F11EA900E9DEBB /* Release */ = {
			isa = XCBuildConfiguration;
			buildSettings = {
				ALWAYS_SEARCH_USER_PATHS = NO;
				CLANG_CXX_LANGUAGE_STANDARD = "gnu++0x";
				CLANG_CXX_LIBRARY = "libc++";
				CLANG_WARN_CONSTANT_CONVERSION = YES;
				CLANG_WARN_EMPTY_BODY = YES;
				CLANG_WARN_ENUM_CONVERSION = YES;
				CLANG_WARN_INT_CONVERSION = YES;
				CLANG_WARN__DUPLICATE_METHOD_MATCH = YES;
				"CODE_SIGN_IDENTITY[sdk=iphoneos*]" = "iPhone Developer";
				COPY_PHASE_STRIP = YES;
				GCC_C_LANGUAGE_STANDARD = gnu99;
				GCC_WARN_ABOUT_RETURN_TYPE = YES;
				GCC_WARN_UNINITIALIZED_AUTOS = YES;
				GCC_WARN_UNUSED_VARIABLE = YES;
				IPHONEOS_DEPLOYMENT_TARGET = 6.1;
				OTHER_CFLAGS = "-DNS_BLOCK_ASSERTIONS=1";
				SDKROOT = iphoneos;
				VALIDATE_PRODUCT = YES;
			};
			name = Release;
		};
		83FBD5CF16F11EA900E9DEBB /* Debug */ = {
			isa = XCBuildConfiguration;
			baseConfigurationReference = F20A21C8854A4471B592C34F /* Pods.xcconfig */;
			buildSettings = {
				GCC_PRECOMPILE_PREFIX_HEADER = YES;
				GCC_PREFIX_HEADER = "InstantGramification/InstantGramification-Prefix.pch";
				INFOPLIST_FILE = "InstantGramification/InstantGramification-Info.plist";
				IPHONEOS_DEPLOYMENT_TARGET = 5.0;
				PRODUCT_NAME = "$(TARGET_NAME)";
				TARGETED_DEVICE_FAMILY = 1;
				WRAPPER_EXTENSION = app;
			};
			name = Debug;
		};
		83FBD5D016F11EA900E9DEBB /* Release */ = {
			isa = XCBuildConfiguration;
			baseConfigurationReference = F20A21C8854A4471B592C34F /* Pods.xcconfig */;
			buildSettings = {
				GCC_PRECOMPILE_PREFIX_HEADER = YES;
				GCC_PREFIX_HEADER = "InstantGramification/InstantGramification-Prefix.pch";
				INFOPLIST_FILE = "InstantGramification/InstantGramification-Info.plist";
				IPHONEOS_DEPLOYMENT_TARGET = 5.0;
				PRODUCT_NAME = "$(TARGET_NAME)";
				TARGETED_DEVICE_FAMILY = 1;
				WRAPPER_EXTENSION = app;
			};
			name = Release;
		};
/* End XCBuildConfiguration section */

/* Begin XCConfigurationList section */
		83FBD5A616F11EA800E9DEBB /* Build configuration list for PBXProject "InstantGramification" */ = {
			isa = XCConfigurationList;
			buildConfigurations = (
				83FBD5CC16F11EA900E9DEBB /* Debug */,
				83FBD5CD16F11EA900E9DEBB /* Release */,
			);
			defaultConfigurationIsVisible = 0;
			defaultConfigurationName = Release;
		};
		83FBD5CE16F11EA900E9DEBB /* Build configuration list for PBXNativeTarget "InstantGramification" */ = {
			isa = XCConfigurationList;
			buildConfigurations = (
				83FBD5CF16F11EA900E9DEBB /* Debug */,
				83FBD5D016F11EA900E9DEBB /* Release */,
			);
			defaultConfigurationIsVisible = 0;
			defaultConfigurationName = Release;
		};
/* End XCConfigurationList section */
	};
	rootObject = 83FBD5A316F11EA800E9DEBB /* Project object */;
}
